
Microsoft Visual Studio Solution File, Format Version 12.00
Project("{FAE04EC0-301F-11D3-BF4B-00C04F79EFBC}") = "PlatformService", "PlatformService\PlatformService.csproj", "{135F8AD8-E1D5-4C42-88D0-9CEF341A9351}"
EndProject
Project("{FAE04EC0-301F-11D3-BF4B-00C04F79EFBC}") = "CommandService", "CommandService\CommandService.csproj", "{5F183E8F-1FDF-4E12-9C4D-55D1A7ED8935}"
EndProject
Global
	GlobalSection(SolutionConfigurationPlatforms) = preSolution
		Debug|Any CPU = Debug|Any CPU
		Release|Any CPU = Release|Any CPU
	EndGlobalSection
	GlobalSection(ProjectConfigurationPlatforms) = postSolution
		{135F8AD8-E1D5-4C42-88D0-9CEF341A9351}.Debug|Any CPU.ActiveCfg = Debug|Any CPU
		{135F8AD8-E1D5-4C42-88D0-9CEF341A9351}.Debug|Any CPU.Build.0 = Debug|Any CPU
		{135F8AD8-E1D5-4C42-88D0-9CEF341A9351}.Release|Any CPU.ActiveCfg = Release|Any CPU
		{135F8AD8-E1D5-4C42-88D0-9CEF341A9351}.Release|Any CPU.Build.0 = Release|Any CPU
		{5F183E8F-1FDF-4E12-9C4D-55D1A7ED8935}.Debug|Any CPU.ActiveCfg = Debug|Any CPU
		{5F183E8F-1FDF-4E12-9C4D-55D1A7ED8935}.Debug|Any CPU.Build.0 = Debug|Any CPU
		{5F183E8F-1FDF-4E12-9C4D-55D1A7ED8935}.Release|Any CPU.ActiveCfg = Release|Any CPU
		{5F183E8F-1FDF-4E12-9C4D-55D1A7ED8935}.Release|Any CPU.Build.0 = Release|Any CPU
	EndGlobalSection
EndGlobal
